{
  "name": "test_package",
  "version": "1.0.0",
  "lockfileVersion": 3,
  "requires": true,
  "packages": {
    "": {
      "name": "test_package",
      "version": "1.0.0",
      "license": "ISC",
      "dependencies": {
        "random-animal-generator": "^1.0.2"
      }
    },
    "node_modules/random-animal-generator": {
      "version": "1.0.2",
      "resolved": "https://registry.npmjs.org/random-animal-generator/-/random-animal-generator-1.0.2.tgz",
      "integrity": "sha512-7rryNojGGXSdm5WPEUnxN4fFIUJ3Zcddou8XDiCvIE+5JeSeJMCPll3WAQNNYRKOeMQs0nE/UPGtzBUcOTkysg==",
      "license": "ISC"
    }
  }
}
